
Microsoft Visual Studio Solution File, Format Version 12.00
# Visual Studio Version 17
VisualStudioVersion = 17.9.34701.34
MinimumVisualStudioVersion = 10.0.40219.1
Project("{FAE04EC0-301F-11D3-BF4B-00C04F79EFBC}") = "JSAppNotes1", "JSAppNotes1\JSAppNotes1.csproj", "{284E5979-BA57-4EE4-9AD5-684DD45A29BF}"
EndProject
Global
	GlobalSection(SolutionConfigurationPlatforms) = preSolution
		Debug|Any CPU = Debug|Any CPU
		Release|Any CPU = Release|Any CPU
	EndGlobalSection
	GlobalSection(ProjectConfigurationPlatforms) = postSolution
		{284E5979-BA57-4EE4-9AD5-684DD45A29BF}.Debug|Any CPU.ActiveCfg = Debug|Any CPU
		{284E5979-BA57-4EE4-9AD5-684DD45A29BF}.Debug|Any CPU.Build.0 = Debug|Any CPU
		{284E5979-BA57-4EE4-9AD5-684DD45A29BF}.Debug|Any CPU.Deploy.0 = Debug|Any CPU
		{284E5979-BA57-4EE4-9AD5-684DD45A29BF}.Release|Any CPU.ActiveCfg = Release|Any CPU
		{284E5979-BA57-4EE4-9AD5-684DD45A29BF}.Release|Any CPU.Build.0 = Release|Any CPU
		{284E5979-BA57-4EE4-9AD5-684DD45A29BF}.Release|Any CPU.Deploy.0 = Release|Any CPU
	EndGlobalSection
	GlobalSection(SolutionProperties) = preSolution
		HideSolutionNode = FALSE
	EndGlobalSection
	GlobalSection(ExtensibilityGlobals) = postSolution
		SolutionGuid = {56B64D43-7A9C-4327-AB92-F5B47F97454E}
	EndGlobalSection
EndGlobal
